
Microsoft Visual Studio Solution File, Format Version 12.00
# Visual Studio Version 16
VisualStudioVersion = 16.0.31005.135
MinimumVisualStudioVersion = 10.0.40219.1
Project("{9A19103F-16F7-4668-BE54-9A1E7A4F7556}") = "FoodCostCalculation", "FoodCostCalculation\FoodCostCalculation.csproj", "{A9A54B6B-2ECA-427E-ABCB-E78B6BBFD2F3}"
EndProject
Project("{9A19103F-16F7-4668-BE54-9A1E7A4F7556}") = "NutritionPriceAlgorithmTests", "NutritionPriceAlgorithmTests\NutritionPriceAlgorithmTests.csproj", "{ACFC0D41-EBEB-4AFF-BDC1-E48682A06550}"
EndProject
Project("{FAE04EC0-301F-11D3-BF4B-00C04F79EFBC}") = "NutritionPriceLib", "NutritionPriceLib\NutritionPriceLib.csproj", "{4CE95516-4C64-4B02-9624-7B3DD68D8A64}"
EndProject
Global
	GlobalSection(SolutionConfigurationPlatforms) = preSolution
		Debug|Any CPU = Debug|Any CPU
		Release|Any CPU = Release|Any CPU
	EndGlobalSection
	GlobalSection(ProjectConfigurationPlatforms) = postSolution
		{A9A54B6B-2ECA-427E-ABCB-E78B6BBFD2F3}.Debug|Any CPU.ActiveCfg = Debug|Any CPU
		{A9A54B6B-2ECA-427E-ABCB-E78B6BBFD2F3}.Debug|Any CPU.Build.0 = Debug|Any CPU
		{A9A54B6B-2ECA-427E-ABCB-E78B6BBFD2F3}.Release|Any CPU.ActiveCfg = Release|Any CPU
		{A9A54B6B-2ECA-427E-ABCB-E78B6BBFD2F3}.Release|Any CPU.Build.0 = Release|Any CPU
		{ACFC0D41-EBEB-4AFF-BDC1-E48682A06550}.Debug|Any CPU.ActiveCfg = Debug|Any CPU
		{ACFC0D41-EBEB-4AFF-BDC1-E48682A06550}.Debug|Any CPU.Build.0 = Debug|Any CPU
		{ACFC0D41-EBEB-4AFF-BDC1-E48682A06550}.Release|Any CPU.ActiveCfg = Release|Any CPU
		{ACFC0D41-EBEB-4AFF-BDC1-E48682A06550}.Release|Any CPU.Build.0 = Release|Any CPU
		{4CE95516-4C64-4B02-9624-7B3DD68D8A64}.Debug|Any CPU.ActiveCfg = Debug|Any CPU
		{4CE95516-4C64-4B02-9624-7B3DD68D8A64}.Debug|Any CPU.Build.0 = Debug|Any CPU
		{4CE95516-4C64-4B02-9624-7B3DD68D8A64}.Release|Any CPU.ActiveCfg = Release|Any CPU
		{4CE95516-4C64-4B02-9624-7B3DD68D8A64}.Release|Any CPU.Build.0 = Release|Any CPU
	EndGlobalSection
	GlobalSection(SolutionProperties) = preSolution
		HideSolutionNode = FALSE
	EndGlobalSection
	GlobalSection(ExtensibilityGlobals) = postSolution
		SolutionGuid = {2BB291F1-D4D7-4E00-AD30-53BD1AFEFE52}
	EndGlobalSection
EndGlobal
